
Microsoft Visual Studio Solution File, Format Version 12.00
# Visual Studio Version 16
VisualStudioVersion = 16.0.31702.278
MinimumVisualStudioVersion = 10.0.40219.1
Project("{FAE04EC0-301F-11D3-BF4B-00C04F79EFBC}") = "Task-4", "Task-4\Task-4.csproj", "{97ECE019-80EA-4675-ABE0-A05F3A9F01E1}"
EndProject
Project("{2150E333-8FDC-42A3-9474-1A3956D46DE8}") = "U16", "U16", "{36282E54-49AA-4A26-B34D-C9762286D11C}"
EndProject
Project("{FAE04EC0-301F-11D3-BF4B-00C04F79EFBC}") = "U16", "U16\U16.csproj", "{6B5E941F-AC56-4CB0-837D-3E16B2D54D2D}"
EndProject
Project("{2150E333-8FDC-42A3-9474-1A3956D46DE8}") = "U17", "U17", "{23794837-6AD3-4C76-B89C-FBD4EFA45652}"
EndProject
Project("{FAE04EC0-301F-11D3-BF4B-00C04F79EFBC}") = "U17", "U17\U17.csproj", "{53CB1161-F8A5-4F92-8719-1D6E13118966}"
EndProject
Project("{2150E333-8FDC-42A3-9474-1A3956D46DE8}") = "U19", "U19", "{A24070B3-B9A9-4F8D-8B73-5DF66F3618EC}"
EndProject
Project("{FAE04EC0-301F-11D3-BF4B-00C04F79EFBC}") = "19", "19\19.csproj", "{1E551419-F487-4D16-86B2-0A5AB4D011D9}"
EndProject
Global
	GlobalSection(SolutionConfigurationPlatforms) = preSolution
		Debug|ARM = Debug|ARM
		Debug|ARM64 = Debug|ARM64
		Debug|x64 = Debug|x64
		Debug|x86 = Debug|x86
		Release|ARM = Release|ARM
		Release|ARM64 = Release|ARM64
		Release|x64 = Release|x64
		Release|x86 = Release|x86
	EndGlobalSection
	GlobalSection(ProjectConfigurationPlatforms) = postSolution
		{97ECE019-80EA-4675-ABE0-A05F3A9F01E1}.Debug|ARM.ActiveCfg = Debug|ARM
		{97ECE019-80EA-4675-ABE0-A05F3A9F01E1}.Debug|ARM.Build.0 = Debug|ARM
		{97ECE019-80EA-4675-ABE0-A05F3A9F01E1}.Debug|ARM.Deploy.0 = Debug|ARM
		{97ECE019-80EA-4675-ABE0-A05F3A9F01E1}.Debug|ARM64.ActiveCfg = Debug|ARM64
		{97ECE019-80EA-4675-ABE0-A05F3A9F01E1}.Debug|ARM64.Build.0 = Debug|ARM64
		{97ECE019-80EA-4675-ABE0-A05F3A9F01E1}.Debug|ARM64.Deploy.0 = Debug|ARM64
		{97ECE019-80EA-4675-ABE0-A05F3A9F01E1}.Debug|x64.ActiveCfg = Debug|x64
		{97ECE019-80EA-4675-ABE0-A05F3A9F01E1}.Debug|x64.Build.0 = Debug|x64
		{97ECE019-80EA-4675-ABE0-A05F3A9F01E1}.Debug|x64.Deploy.0 = Debug|x64
		{97ECE019-80EA-4675-ABE0-A05F3A9F01E1}.Debug|x86.ActiveCfg = Debug|x86
		{97ECE019-80EA-4675-ABE0-A05F3A9F01E1}.Debug|x86.Build.0 = Debug|x86
		{97ECE019-80EA-4675-ABE0-A05F3A9F01E1}.Debug|x86.Deploy.0 = Debug|x86
		{97ECE019-80EA-4675-ABE0-A05F3A9F01E1}.Release|ARM.ActiveCfg = Release|ARM
		{97ECE019-80EA-4675-ABE0-A05F3A9F01E1}.Release|ARM.Build.0 = Release|ARM
		{97ECE019-80EA-4675-ABE0-A05F3A9F01E1}.Release|ARM.Deploy.0 = Release|ARM
		{97ECE019-80EA-4675-ABE0-A05F3A9F01E1}.Release|ARM64.ActiveCfg = Release|ARM64
		{97ECE019-80EA-4675-ABE0-A05F3A9F01E1}.Release|ARM64.Build.0 = Release|ARM64
		{97ECE019-80EA-4675-ABE0-A05F3A9F01E1}.Release|ARM64.Deploy.0 = Release|ARM64
		{97ECE019-80EA-4675-ABE0-A05F3A9F01E1}.Release|x64.ActiveCfg = Release|x64
		{97ECE019-80EA-4675-ABE0-A05F3A9F01E1}.Release|x64.Build.0 = Release|x64
		{97ECE019-80EA-4675-ABE0-A05F3A9F01E1}.Release|x64.Deploy.0 = Release|x64
		{97ECE019-80EA-4675-ABE0-A05F3A9F01E1}.Release|x86.ActiveCfg = Release|x86
		{97ECE019-80EA-4675-ABE0-A05F3A9F01E1}.Release|x86.Build.0 = Release|x86
		{97ECE019-80EA-4675-ABE0-A05F3A9F01E1}.Release|x86.Deploy.0 = Release|x86
		{6B5E941F-AC56-4CB0-837D-3E16B2D54D2D}.Debug|ARM.ActiveCfg = Debug|ARM
		{6B5E941F-AC56-4CB0-837D-3E16B2D54D2D}.Debug|ARM.Build.0 = Debug|ARM
		{6B5E941F-AC56-4CB0-837D-3E16B2D54D2D}.Debug|ARM.Deploy.0 = Debug|ARM
		{6B5E941F-AC56-4CB0-837D-3E16B2D54D2D}.Debug|ARM64.ActiveCfg = Debug|ARM64
		{6B5E941F-AC56-4CB0-837D-3E16B2D54D2D}.Debug|ARM64.Build.0 = Debug|ARM64
		{6B5E941F-AC56-4CB0-837D-3E16B2D54D2D}.Debug|ARM64.Deploy.0 = Debug|ARM64
		{6B5E941F-AC56-4CB0-837D-3E16B2D54D2D}.Debug|x64.ActiveCfg = Debug|x64
		{6B5E941F-AC56-4CB0-837D-3E16B2D54D2D}.Debug|x64.Build.0 = Debug|x64
		{6B5E941F-AC56-4CB0-837D-3E16B2D54D2D}.Debug|x64.Deploy.0 = Debug|x64
		{6B5E941F-AC56-4CB0-837D-3E16B2D54D2D}.Debug|x86.ActiveCfg = Debug|x86
		{6B5E941F-AC56-4CB0-837D-3E16B2D54D2D}.Debug|x86.Build.0 = Debug|x86
		{6B5E941F-AC56-4CB0-837D-3E16B2D54D2D}.Debug|x86.Deploy.0 = Debug|x86
		{6B5E941F-AC56-4CB0-837D-3E16B2D54D2D}.Release|ARM.ActiveCfg = Release|ARM
		{6B5E941F-AC56-4CB0-837D-3E16B2D54D2D}.Release|ARM.Build.0 = Release|ARM
		{6B5E941F-AC56-4CB0-837D-3E16B2D54D2D}.Release|ARM.Deploy.0 = Release|ARM
		{6B5E941F-AC56-4CB0-837D-3E16B2D54D2D}.Release|ARM64.ActiveCfg = Release|ARM64
		{6B5E941F-AC56-4CB0-837D-3E16B2D54D2D}.Release|ARM64.Build.0 = Release|ARM64
		{6B5E941F-AC56-4CB0-837D-3E16B2D54D2D}.Release|ARM64.Deploy.0 = Release|ARM64
		{6B5E941F-AC56-4CB0-837D-3E16B2D54D2D}.Release|x64.ActiveCfg = Release|x64
		{6B5E941F-AC56-4CB0-837D-3E16B2D54D2D}.Release|x64.Build.0 = Release|x64
		{6B5E941F-AC56-4CB0-837D-3E16B2D54D2D}.Release|x64.Deploy.0 = Release|x64
		{6B5E941F-AC56-4CB0-837D-3E16B2D54D2D}.Release|x86.ActiveCfg = Release|x86
		{6B5E941F-AC56-4CB0-837D-3E16B2D54D2D}.Release|x86.Build.0 = Release|x86
		{6B5E941F-AC56-4CB0-837D-3E16B2D54D2D}.Release|x86.Deploy.0 = Release|x86
		{53CB1161-F8A5-4F92-8719-1D6E13118966}.Debug|ARM.ActiveCfg = Debug|ARM
		{53CB1161-F8A5-4F92-8719-1D6E13118966}.Debug|ARM.Build.0 = Debug|ARM
		{53CB1161-F8A5-4F92-8719-1D6E13118966}.Debug|ARM.Deploy.0 = Debug|ARM
		{53CB1161-F8A5-4F92-8719-1D6E13118966}.Debug|ARM64.ActiveCfg = Debug|ARM64
		{53CB1161-F8A5-4F92-8719-1D6E13118966}.Debug|ARM64.Build.0 = Debug|ARM64
		{53CB1161-F8A5-4F92-8719-1D6E13118966}.Debug|ARM64.Deploy.0 = Debug|ARM64
		{53CB1161-F8A5-4F92-8719-1D6E13118966}.Debug|x64.ActiveCfg = Debug|x64
		{53CB1161-F8A5-4F92-8719-1D6E13118966}.Debug|x64.Build.0 = Debug|x64
		{53CB1161-F8A5-4F92-8719-1D6E13118966}.Debug|x64.Deploy.0 = Debug|x64
		{53CB1161-F8A5-4F92-8719-1D6E13118966}.Debug|x86.ActiveCfg = Debug|x86
		{53CB1161-F8A5-4F92-8719-1D6E13118966}.Debug|x86.Build.0 = Debug|x86
		{53CB1161-F8A5-4F92-8719-1D6E13118966}.Debug|x86.Deploy.0 = Debug|x86
		{53CB1161-F8A5-4F92-8719-1D6E13118966}.Release|ARM.ActiveCfg = Release|ARM
		{53CB1161-F8A5-4F92-8719-1D6E13118966}.Release|ARM.Build.0 = Release|ARM
		{53CB1161-F8A5-4F92-8719-1D6E13118966}.Release|ARM.Deploy.0 = Release|ARM
		{53CB1161-F8A5-4F92-8719-1D6E13118966}.Release|ARM64.ActiveCfg = Release|ARM64
		{53CB1161-F8A5-4F92-8719-1D6E13118966}.Release|ARM64.Build.0 = Release|ARM64
		{53CB1161-F8A5-4F92-8719-1D6E13118966}.Release|ARM64.Deploy.0 = Release|ARM64
		{53CB1161-F8A5-4F92-8719-1D6E13118966}.Release|x64.ActiveCfg = Release|x64
		{53CB1161-F8A5-4F92-8719-1D6E13118966}.Release|x64.Build.0 = Release|x64
		{53CB1161-F8A5-4F92-8719-1D6E13118966}.Release|x64.Deploy.0 = Release|x64
		{53CB1161-F8A5-4F92-8719-1D6E13118966}.Release|x86.ActiveCfg = Release|x86
		{53CB1161-F8A5-4F92-8719-1D6E13118966}.Release|x86.Build.0 = Release|x86
		{53CB1161-F8A5-4F92-8719-1D6E13118966}.Release|x86.Deploy.0 = Release|x86
		{1E551419-F487-4D16-86B2-0A5AB4D011D9}.Debug|ARM.ActiveCfg = Debug|ARM
		{1E551419-F487-4D16-86B2-0A5AB4D011D9}.Debug|ARM.Build.0 = Debug|ARM
		{1E551419-F487-4D16-86B2-0A5AB4D011D9}.Debug|ARM.Deploy.0 = Debug|ARM
		{1E551419-F487-4D16-86B2-0A5AB4D011D9}.Debug|ARM64.ActiveCfg = Debug|ARM64
		{1E551419-F487-4D16-86B2-0A5AB4D011D9}.Debug|ARM64.Build.0 = Debug|ARM64
		{1E551419-F487-4D16-86B2-0A5AB4D011D9}.Debug|ARM64.Deploy.0 = Debug|ARM64
		{1E551419-F487-4D16-86B2-0A5AB4D011D9}.Debug|x64.ActiveCfg = Debug|x64
		{1E551419-F487-4D16-86B2-0A5AB4D011D9}.Debug|x64.Build.0 = Debug|x64
		{1E551419-F487-4D16-86B2-0A5AB4D011D9}.Debug|x64.Deploy.0 = Debug|x64
		{1E551419-F487-4D16-86B2-0A5AB4D011D9}.Debug|x86.ActiveCfg = Debug|x86
		{1E551419-F487-4D16-86B2-0A5AB4D011D9}.Debug|x86.Build.0 = Debug|x86
		{1E551419-F487-4D16-86B2-0A5AB4D011D9}.Debug|x86.Deploy.0 = Debug|x86
		{1E551419-F487-4D16-86B2-0A5AB4D011D9}.Release|ARM.ActiveCfg = Release|ARM
		{1E551419-F487-4D16-86B2-0A5AB4D011D9}.Release|ARM.Build.0 = Release|ARM
		{1E551419-F487-4D16-86B2-0A5AB4D011D9}.Release|ARM.Deploy.0 = Release|ARM
		{1E551419-F487-4D16-86B2-0A5AB4D011D9}.Release|ARM64.ActiveCfg = Release|ARM64
		{1E551419-F487-4D16-86B2-0A5AB4D011D9}.Release|ARM64.Build.0 = Release|ARM64
		{1E551419-F487-4D16-86B2-0A5AB4D011D9}.Release|ARM64.Deploy.0 = Release|ARM64
		{1E551419-F487-4D16-86B2-0A5AB4D011D9}.Release|x64.ActiveCfg = Release|x64
		{1E551419-F487-4D16-86B2-0A5AB4D011D9}.Release|x64.Build.0 = Release|x64
		{1E551419-F487-4D16-86B2-0A5AB4D011D9}.Release|x64.Deploy.0 = Release|x64
		{1E551419-F487-4D16-86B2-0A5AB4D011D9}.Release|x86.ActiveCfg = Release|x86
		{1E551419-F487-4D16-86B2-0A5AB4D011D9}.Release|x86.Build.0 = Release|x86
		{1E551419-F487-4D16-86B2-0A5AB4D011D9}.Release|x86.Deploy.0 = Release|x86
	EndGlobalSection
	GlobalSection(SolutionProperties) = preSolution
		HideSolutionNode = FALSE
	EndGlobalSection
	GlobalSection(NestedProjects) = preSolution
		{6B5E941F-AC56-4CB0-837D-3E16B2D54D2D} = {36282E54-49AA-4A26-B34D-C9762286D11C}
		{53CB1161-F8A5-4F92-8719-1D6E13118966} = {23794837-6AD3-4C76-B89C-FBD4EFA45652}
		{1E551419-F487-4D16-86B2-0A5AB4D011D9} = {A24070B3-B9A9-4F8D-8B73-5DF66F3618EC}
	EndGlobalSection
	GlobalSection(ExtensibilityGlobals) = postSolution
		SolutionGuid = {A852E400-12E4-4DF9-A35C-FFCD73DE9D6F}
	EndGlobalSection
EndGlobal
